
Microsoft Visual Studio Solution File, Format Version 12.00
# Visual Studio Version 16
VisualStudioVersion = 16.0.31205.134
MinimumVisualStudioVersion = 10.0.40219.1
Project("{FAE04EC0-301F-11D3-BF4B-00C04F79EFBC}") = "SozlukUI", "SozlukUI\SozlukUI.csproj", "{F7569A87-70CD-4915-B49C-76B4C06F1CDE}"
EndProject
Global
	GlobalSection(SolutionConfigurationPlatforms) = preSolution
		Debug|Any CPU = Debug|Any CPU
		Release|Any CPU = Release|Any CPU
	EndGlobalSection
	GlobalSection(ProjectConfigurationPlatforms) = postSolution
		{F7569A87-70CD-4915-B49C-76B4C06F1CDE}.Debug|Any CPU.ActiveCfg = Debug|Any CPU
		{F7569A87-70CD-4915-B49C-76B4C06F1CDE}.Debug|Any CPU.Build.0 = Debug|Any CPU
		{F7569A87-70CD-4915-B49C-76B4C06F1CDE}.Release|Any CPU.ActiveCfg = Release|Any CPU
		{F7569A87-70CD-4915-B49C-76B4C06F1CDE}.Release|Any CPU.Build.0 = Release|Any CPU
	EndGlobalSection
	GlobalSection(SolutionProperties) = preSolution
		HideSolutionNode = FALSE
	EndGlobalSection
	GlobalSection(ExtensibilityGlobals) = postSolution
		SolutionGuid = {6004B564-510D-42A6-A0D9-73042F5CEB0A}
	EndGlobalSection
EndGlobal
